
Microsoft Visual Studio Solution File, Format Version 12.00
# Visual Studio Version 16
VisualStudioVersion = 16.0.28803.156
MinimumVisualStudioVersion = 10.0.40219.1
Project("{FAE04EC0-301F-11D3-BF4B-00C04F79EFBC}") = "WhatIsDeze", "WhatIsDeze\WhatIsDeze.csproj", "{92DE9C33-7F55-432D-A3D3-8FC059266433}"
EndProject
Global
	GlobalSection(SolutionConfigurationPlatforms) = preSolution
		Debug|Any CPU = Debug|Any CPU
		Release|Any CPU = Release|Any CPU
	EndGlobalSection
	GlobalSection(ProjectConfigurationPlatforms) = postSolution
		{92DE9C33-7F55-432D-A3D3-8FC059266433}.Debug|Any CPU.ActiveCfg = Debug|Any CPU
		{92DE9C33-7F55-432D-A3D3-8FC059266433}.Debug|Any CPU.Build.0 = Debug|Any CPU
		{92DE9C33-7F55-432D-A3D3-8FC059266433}.Release|Any CPU.ActiveCfg = Release|Any CPU
		{92DE9C33-7F55-432D-A3D3-8FC059266433}.Release|Any CPU.Build.0 = Release|Any CPU
	EndGlobalSection
	GlobalSection(SolutionProperties) = preSolution
		HideSolutionNode = FALSE
	EndGlobalSection
	GlobalSection(ExtensibilityGlobals) = postSolution
		SolutionGuid = {87184F30-710A-44C5-B69E-445C9EAC4B36}
	EndGlobalSection
EndGlobal
